{
  "version": 4,
  "terraform_version": "0.14.7",
  "serial": 5,
  "lineage": "19b9e3e2-2d36-6a89-8eb9-44d307703919",
  "outputs": {},
  "resources": [
    {
      "mode": "managed",
      "type": "azurerm_app_service",
      "name": "gratibot-app-service",
      "provider": "provider[\"registry.terraform.io/hashicorp/azurerm\"]",
      "instances": [
        {
          "schema_version": 0,
          "attributes": {
            "app_service_plan_id": "/subscriptions/761bf739-12c3-43cb-bec9-d87c1d7fa459/resourceGroups/gratibot/providers/Microsoft.Web/serverfarms/gratibot-service-plan",
            "app_settings": {},
            "auth_settings": [
              {
                "active_directory": [],
                "additional_login_params": {},
                "allowed_external_redirect_urls": [],
                "default_provider": "",
                "enabled": false,
                "facebook": [],
                "google": [],
                "issuer": "",
                "microsoft": [],
                "runtime_version": "",
                "token_refresh_extension_hours": 0,
                "token_store_enabled": false,
                "twitter": [],
                "unauthenticated_client_action": ""
              }
            ],
            "backup": [],
            "client_affinity_enabled": true,
            "client_cert_enabled": false,
            "connection_string": [],
            "custom_domain_verification_id": "924C59280E3A2CFEB94E5CA6EC3BF99D74B67A79BABA84C3C2352440466E4334",
            "default_site_hostname": "gratibot-app-service.azurewebsites.net",
            "enabled": true,
            "https_only": true,
            "id": "/subscriptions/761bf739-12c3-43cb-bec9-d87c1d7fa459/resourceGroups/gratibot/providers/Microsoft.Web/sites/gratibot-app-service",
            "identity": [],
            "location": "centralus",
            "logs": [
              {
                "application_logs": [
                  {
                    "azure_blob_storage": [],
                    "file_system_level": "Off"
                  }
                ],
                "detailed_error_messages_enabled": false,
                "failed_request_tracing_enabled": false,
                "http_logs": [
                  {
                    "azure_blob_storage": [],
                    "file_system": []
                  }
                ]
              }
            ],
            "name": "gratibot-app-service",
            "outbound_ip_address_list": [
              "40.122.78.153",
              "40.122.149.171",
              "40.77.111.208",
              "40.77.104.142",
              "40.77.107.181"
            ],
            "outbound_ip_addresses": "40.122.78.153,40.122.149.171,40.77.111.208,40.77.104.142,40.77.107.181",
            "possible_outbound_ip_address_list": [
              "13.89.172.23",
              "40.122.152.175",
              "13.89.56.149",
              "40.77.105.187",
              "40.77.107.136",
              "40.122.78.153",
              "40.122.149.171",
              "40.77.111.208",
              "40.77.104.142",
              "40.77.107.181"
            ],
            "possible_outbound_ip_addresses": "13.89.172.23,40.122.152.175,13.89.56.149,40.77.105.187,40.77.107.136,40.122.78.153,40.122.149.171,40.77.111.208,40.77.104.142,40.77.107.181",
            "resource_group_name": "gratibot",
            "site_config": [
              {
                "always_on": true,
                "app_command_line": "",
                "auto_swap_slot_name": "",
                "cors": [
                  {
                    "allowed_origins": [],
                    "support_credentials": false
                  }
                ],
                "default_documents": [],
                "dotnet_framework_version": "v4.0",
                "ftps_state": "AllAllowed",
                "health_check_path": "",
                "http2_enabled": false,
                "ip_restriction": [],
                "java_container": "",
                "java_container_version": "",
                "java_version": "",
                "linux_fx_version": "DOCKER|docker.io/liatrioalicej/gratibot:1.0.0",
                "local_mysql_enabled": false,
                "managed_pipeline_mode": "Integrated",
                "min_tls_version": "1.2",
                "number_of_workers": 1,
                "php_version": "",
                "python_version": "",
                "remote_debugging_enabled": false,
                "remote_debugging_version": "VS2019",
                "scm_ip_restriction": [],
                "scm_type": "VSTSRM",
                "scm_use_main_ip_restriction": false,
                "use_32_bit_worker_process": false,
                "websockets_enabled": false,
                "windows_fx_version": ""
              }
            ],
            "site_credential": [
              {
                "password": "ZtGdjBPLjnrnFje1NdhaoxxuyrvafdWmEg0ftil7E6oxmRFaWdkYpdXmJ4kn",
                "username": "$gratibot-app-service"
              }
            ],
            "source_control": [
              {
                "branch": "master",
                "manual_integration": false,
                "repo_url": "VSTSRM",
                "rollback_enabled": false,
                "use_mercurial": false
              }
            ],
            "storage_account": [],
            "tags": {},
            "timeouts": null
          },
          "sensitive_attributes": [],
          "private": "eyJlMmJmYjczMC1lY2FhLTExZTYtOGY4OC0zNDM2M2JjN2M0YzAiOnsiY3JlYXRlIjoxODAwMDAwMDAwMDAwLCJkZWxldGUiOjE4MDAwMDAwMDAwMDAsInJlYWQiOjMwMDAwMDAwMDAwMCwidXBkYXRlIjoxODAwMDAwMDAwMDAwfX0=",
          "dependencies": [
            "azurerm_app_service_plan.my_service_plan"
          ]
        }
      ]
    },
    {
      "mode": "managed",
      "type": "azurerm_app_service_plan",
      "name": "my_service_plan",
      "provider": "provider[\"registry.terraform.io/hashicorp/azurerm\"]",
      "instances": [
        {
          "schema_version": 0,
          "attributes": {
            "app_service_environment_id": "",
            "id": "/subscriptions/761bf739-12c3-43cb-bec9-d87c1d7fa459/resourceGroups/gratibot/providers/Microsoft.Web/serverfarms/gratibot-service-plan",
            "is_xenon": false,
            "kind": "linux",
            "location": "centralus",
            "maximum_elastic_worker_count": 3,
            "maximum_number_of_workers": 30,
            "name": "gratibot-service-plan",
            "per_site_scaling": false,
            "reserved": true,
            "resource_group_name": "gratibot",
            "sku": [
              {
                "capacity": 3,
                "size": "P2v2",
                "tier": "PremiumV2"
              }
            ],
            "tags": {},
            "timeouts": null
          },
          "sensitive_attributes": [],
          "private": "eyJlMmJmYjczMC1lY2FhLTExZTYtOGY4OC0zNDM2M2JjN2M0YzAiOnsiY3JlYXRlIjozNjAwMDAwMDAwMDAwLCJkZWxldGUiOjM2MDAwMDAwMDAwMDAsInJlYWQiOjMwMDAwMDAwMDAwMCwidXBkYXRlIjozNjAwMDAwMDAwMDAwfX0="
        }
      ]
    }
  ]
}
